
Microsoft Visual Studio Solution File, Format Version 12.00
# Visual Studio 15
VisualStudioVersion = 15.0.27004.2005
MinimumVisualStudioVersion = 10.0.40219.1
Project("{FAE04EC0-301F-11D3-BF4B-00C04F79EFBC}") = "Cinema", "Cinema\Cinema.csproj", "{C0C5808A-05E2-479A-B04B-28D5E36580A9}"
EndProject
Project("{FAE04EC0-301F-11D3-BF4B-00C04F79EFBC}") = "Basketball", "Basketball\Basketball.csproj", "{A01D8CA3-8D39-4995-8523-8E3A8EA3BCAA}"
EndProject
Project("{FAE04EC0-301F-11D3-BF4B-00C04F79EFBC}") = "_3EqualNumbers", "_3EqualNumbers\_3EqualNumbers.csproj", "{0A66717D-EF37-4FD7-A26F-DCACAACC731E}"
EndProject
Global
	GlobalSection(SolutionConfigurationPlatforms) = preSolution
		Debug|Any CPU = Debug|Any CPU
		Release|Any CPU = Release|Any CPU
	EndGlobalSection
	GlobalSection(ProjectConfigurationPlatforms) = postSolution
		{C0C5808A-05E2-479A-B04B-28D5E36580A9}.Debug|Any CPU.ActiveCfg = Debug|Any CPU
		{C0C5808A-05E2-479A-B04B-28D5E36580A9}.Debug|Any CPU.Build.0 = Debug|Any CPU
		{C0C5808A-05E2-479A-B04B-28D5E36580A9}.Release|Any CPU.ActiveCfg = Release|Any CPU
		{C0C5808A-05E2-479A-B04B-28D5E36580A9}.Release|Any CPU.Build.0 = Release|Any CPU
		{A01D8CA3-8D39-4995-8523-8E3A8EA3BCAA}.Debug|Any CPU.ActiveCfg = Debug|Any CPU
		{A01D8CA3-8D39-4995-8523-8E3A8EA3BCAA}.Debug|Any CPU.Build.0 = Debug|Any CPU
		{A01D8CA3-8D39-4995-8523-8E3A8EA3BCAA}.Release|Any CPU.ActiveCfg = Release|Any CPU
		{A01D8CA3-8D39-4995-8523-8E3A8EA3BCAA}.Release|Any CPU.Build.0 = Release|Any CPU
		{0A66717D-EF37-4FD7-A26F-DCACAACC731E}.Debug|Any CPU.ActiveCfg = Debug|Any CPU
		{0A66717D-EF37-4FD7-A26F-DCACAACC731E}.Debug|Any CPU.Build.0 = Debug|Any CPU
		{0A66717D-EF37-4FD7-A26F-DCACAACC731E}.Release|Any CPU.ActiveCfg = Release|Any CPU
		{0A66717D-EF37-4FD7-A26F-DCACAACC731E}.Release|Any CPU.Build.0 = Release|Any CPU
	EndGlobalSection
	GlobalSection(SolutionProperties) = preSolution
		HideSolutionNode = FALSE
	EndGlobalSection
	GlobalSection(ExtensibilityGlobals) = postSolution
		SolutionGuid = {998C396C-F521-4AE3-896C-37DD71F18D1C}
	EndGlobalSection
EndGlobal
